// !$*UTF8*$!
{
	archiveVersion = 1;
	classes = {
	};
	objectVersion = 56;
	objects = {

/* Begin PBXBuildFile section */
		1E63834A2A0125370097E4DB /* AppDelegate.swift in Sources */ = {isa = PBXBuildFile; fileRef = 1E6383492A0125370097E4DB /* AppDelegate.swift */; };
		1E6383532A0125380097E4DB /* Assets.xcassets in Resources */ = {isa = PBXBuildFile; fileRef = 1E6383522A0125380097E4DB /* Assets.xcassets */; };
		1E6383562A0125380097E4DB /* LaunchScreen.storyboard in Resources */ = {isa = PBXBuildFile; fileRef = 1E6383542A0125380097E4DB /* LaunchScreen.storyboard */; };
		1E63836B2A0125390097E4DB /* KLM_AssignmentUITests.swift in Sources */ = {isa = PBXBuildFile; fileRef = 1E63836A2A0125390097E4DB /* KLM_AssignmentUITests.swift */; };
		1E63836D2A0125390097E4DB /* KLM_AssignmentUITestsLaunchTests.swift in Sources */ = {isa = PBXBuildFile; fileRef = 1E63836C2A0125390097E4DB /* KLM_AssignmentUITestsLaunchTests.swift */; };
		1E6383862A0126EF0097E4DB /* Moya in Frameworks */ = {isa = PBXBuildFile; productRef = 1E6383852A0126EF0097E4DB /* Moya */; };
		1E6383892A0127530097E4DB /* Realm in Frameworks */ = {isa = PBXBuildFile; productRef = 1E6383882A0127530097E4DB /* Realm */; };
		1E63838B2A0127530097E4DB /* RealmSwift in Frameworks */ = {isa = PBXBuildFile; productRef = 1E63838A2A0127530097E4DB /* RealmSwift */; };
		1E63838E2A0128550097E4DB /* ReuseIdentifiable.swift in Sources */ = {isa = PBXBuildFile; fileRef = 1E63838D2A0128550097E4DB /* ReuseIdentifiable.swift */; };
		1E6383902A0128900097E4DB /* MainCoordinator.swift in Sources */ = {isa = PBXBuildFile; fileRef = 1E63838F2A0128900097E4DB /* MainCoordinator.swift */; };
		1E6383922A01292B0097E4DB /* JobsListViewModel.swift in Sources */ = {isa = PBXBuildFile; fileRef = 1E6383912A01292B0097E4DB /* JobsListViewModel.swift */; };
		1E6383942A0129450097E4DB /* JobsListViewController.swift in Sources */ = {isa = PBXBuildFile; fileRef = 1E6383932A0129450097E4DB /* JobsListViewController.swift */; };
		1E6383962A0129630097E4DB /* JobsListCoordinator.swift in Sources */ = {isa = PBXBuildFile; fileRef = 1E6383952A0129630097E4DB /* JobsListCoordinator.swift */; };
		1E63839D2A012CC40097E4DB /* JobsListResponse.swift in Sources */ = {isa = PBXBuildFile; fileRef = 1E63839C2A012CC40097E4DB /* JobsListResponse.swift */; };
		1E63839F2A012CDD0097E4DB /* JobResponse.swift in Sources */ = {isa = PBXBuildFile; fileRef = 1E63839E2A012CDD0097E4DB /* JobResponse.swift */; };
		1E6383A12A012CEB0097E4DB /* LinksResponse.swift in Sources */ = {isa = PBXBuildFile; fileRef = 1E6383A02A012CEB0097E4DB /* LinksResponse.swift */; };
		1E6383A32A012CF50097E4DB /* MetaResponse.swift in Sources */ = {isa = PBXBuildFile; fileRef = 1E6383A22A012CF50097E4DB /* MetaResponse.swift */; };
		1E6383A52A012DE70097E4DB /* JobsType.swift in Sources */ = {isa = PBXBuildFile; fileRef = 1E6383A42A012DE70097E4DB /* JobsType.swift */; };
		1E6383A72A012E880097E4DB /* JobsProvider.swift in Sources */ = {isa = PBXBuildFile; fileRef = 1E6383A62A012E880097E4DB /* JobsProvider.swift */; };
		1E6383A92A0133550097E4DB /* JobDTO.swift in Sources */ = {isa = PBXBuildFile; fileRef = 1E6383A82A0133550097E4DB /* JobDTO.swift */; };
		1E6383AB2A01349D0097E4DB /* StorageService.swift in Sources */ = {isa = PBXBuildFile; fileRef = 1E6383AA2A01349D0097E4DB /* StorageService.swift */; };
		1E6383AF2A01350B0097E4DB /* JobObject.swift in Sources */ = {isa = PBXBuildFile; fileRef = 1E6383AE2A01350B0097E4DB /* JobObject.swift */; };
		1E6383B12A0144A50097E4DB /* JobsRepository.swift in Sources */ = {isa = PBXBuildFile; fileRef = 1E6383B02A0144A50097E4DB /* JobsRepository.swift */; };
		1E6383B32A02F8BA0097E4DB /* RealmResults+toArray.swift in Sources */ = {isa = PBXBuildFile; fileRef = 1E6383B22A02F8BA0097E4DB /* RealmResults+toArray.swift */; };
		1E6383B52A02FAD70097E4DB /* JobsFacade.swift in Sources */ = {isa = PBXBuildFile; fileRef = 1E6383B42A02FAD70097E4DB /* JobsFacade.swift */; };
		1E6383B72A0304CE0097E4DB /* JobsDataSourceProvider.swift in Sources */ = {isa = PBXBuildFile; fileRef = 1E6383B62A0304CE0097E4DB /* JobsDataSourceProvider.swift */; };
		1E6383BA2A0306030097E4DB /* JobsListCellView.swift in Sources */ = {isa = PBXBuildFile; fileRef = 1E6383B92A0306030097E4DB /* JobsListCellView.swift */; };
		1E6383BD2A0310180097E4DB /* JobDetailsViewModel.swift in Sources */ = {isa = PBXBuildFile; fileRef = 1E6383BC2A0310180097E4DB /* JobDetailsViewModel.swift */; };
		1E6383BF2A0310210097E4DB /* JobDetailsViewController.swift in Sources */ = {isa = PBXBuildFile; fileRef = 1E6383BE2A0310210097E4DB /* JobDetailsViewController.swift */; };
		1E6383C12A03102B0097E4DB /* JobDetailsCoordinator.swift in Sources */ = {isa = PBXBuildFile; fileRef = 1E6383C02A03102B0097E4DB /* JobDetailsCoordinator.swift */; };
		1E6383C32A0319770097E4DB /* FontProvider.swift in Sources */ = {isa = PBXBuildFile; fileRef = 1E6383C22A0319770097E4DB /* FontProvider.swift */; };
		1E6383C72A0590DB0097E4DB /* String+htmlAttributed.swift in Sources */ = {isa = PBXBuildFile; fileRef = 1E6383C62A0590DB0097E4DB /* String+htmlAttributed.swift */; };
		1E6383C92A0596FA0097E4DB /* DateFormatter+mediumTimeDateStyle.swift in Sources */ = {isa = PBXBuildFile; fileRef = 1E6383C82A0596FA0097E4DB /* DateFormatter+mediumTimeDateStyle.swift */; };
		1E6383D22A081EBE0097E4DB /* JobsFacadeMock.swift in Sources */ = {isa = PBXBuildFile; fileRef = 1E6383D12A081EBE0097E4DB /* JobsFacadeMock.swift */; };
		1E6383D42A081F140097E4DB /* JobsListViewModelTest.swift in Sources */ = {isa = PBXBuildFile; fileRef = 1E6383D32A081F140097E4DB /* JobsListViewModelTest.swift */; };
		1E6383D72A0820810097E4DB /* Realm in Frameworks */ = {isa = PBXBuildFile; productRef = 1E6383D62A0820810097E4DB /* Realm */; };
		1E6383D92A0820810097E4DB /* RealmSwift in Frameworks */ = {isa = PBXBuildFile; productRef = 1E6383D82A0820810097E4DB /* RealmSwift */; };
		1E6383DB2A0824F00097E4DB /* FontProviderTest.swift in Sources */ = {isa = PBXBuildFile; fileRef = 1E6383DA2A0824F00097E4DB /* FontProviderTest.swift */; };
		1E6383DD2A0828120097E4DB /* UIViewController+presentErrorAlert.swift in Sources */ = {isa = PBXBuildFile; fileRef = 1E6383DC2A0828120097E4DB /* UIViewController+presentErrorAlert.swift */; };
/* End PBXBuildFile section */

/* Begin PBXContainerItemProxy section */
		1E63835D2A0125390097E4DB /* PBXContainerItemProxy */ = {
			isa = PBXContainerItemProxy;
			containerPortal = 1E63833E2A0125370097E4DB /* Project object */;
			proxyType = 1;
			remoteGlobalIDString = 1E6383452A0125370097E4DB;
			remoteInfo = "KLM Assignment";
		};
		1E6383672A0125390097E4DB /* PBXContainerItemProxy */ = {
			isa = PBXContainerItemProxy;
			containerPortal = 1E63833E2A0125370097E4DB /* Project object */;
			proxyType = 1;
			remoteGlobalIDString = 1E6383452A0125370097E4DB;
			remoteInfo = "KLM Assignment";
		};
/* End PBXContainerItemProxy section */

/* Begin PBXFileReference section */
		1E6383462A0125370097E4DB /* KLM Assignment.app */ = {isa = PBXFileReference; explicitFileType = wrapper.application; includeInIndex = 0; path = "KLM Assignment.app"; sourceTree = BUILT_PRODUCTS_DIR; };
		1E6383492A0125370097E4DB /* AppDelegate.swift */ = {isa = PBXFileReference; lastKnownFileType = sourcecode.swift; path = AppDelegate.swift; sourceTree = "<group>"; };
		1E6383522A0125380097E4DB /* Assets.xcassets */ = {isa = PBXFileReference; lastKnownFileType = folder.assetcatalog; path = Assets.xcassets; sourceTree = "<group>"; };
		1E6383552A0125380097E4DB /* Base */ = {isa = PBXFileReference; lastKnownFileType = file.storyboard; name = Base; path = Base.lproj/LaunchScreen.storyboard; sourceTree = "<group>"; };
		1E6383572A0125380097E4DB /* Info.plist */ = {isa = PBXFileReference; lastKnownFileType = text.plist.xml; path = Info.plist; sourceTree = "<group>"; };
		1E63835C2A0125390097E4DB /* KLM AssignmentTests.xctest */ = {isa = PBXFileReference; explicitFileType = wrapper.cfbundle; includeInIndex = 0; path = "KLM AssignmentTests.xctest"; sourceTree = BUILT_PRODUCTS_DIR; };
		1E6383662A0125390097E4DB /* KLM AssignmentUITests.xctest */ = {isa = PBXFileReference; explicitFileType = wrapper.cfbundle; includeInIndex = 0; path = "KLM AssignmentUITests.xctest"; sourceTree = BUILT_PRODUCTS_DIR; };
		1E63836A2A0125390097E4DB /* KLM_AssignmentUITests.swift */ = {isa = PBXFileReference; lastKnownFileType = sourcecode.swift; path = KLM_AssignmentUITests.swift; sourceTree = "<group>"; };
		1E63836C2A0125390097E4DB /* KLM_AssignmentUITestsLaunchTests.swift */ = {isa = PBXFileReference; lastKnownFileType = sourcecode.swift; path = KLM_AssignmentUITestsLaunchTests.swift; sourceTree = "<group>"; };
		1E63838D2A0128550097E4DB /* ReuseIdentifiable.swift */ = {isa = PBXFileReference; lastKnownFileType = sourcecode.swift; path = ReuseIdentifiable.swift; sourceTree = "<group>"; };
		1E63838F2A0128900097E4DB /* MainCoordinator.swift */ = {isa = PBXFileReference; fileEncoding = 4; lastKnownFileType = sourcecode.swift; path = MainCoordinator.swift; sourceTree = "<group>"; };
		1E6383912A01292B0097E4DB /* JobsListViewModel.swift */ = {isa = PBXFileReference; lastKnownFileType = sourcecode.swift; path = JobsListViewModel.swift; sourceTree = "<group>"; };
		1E6383932A0129450097E4DB /* JobsListViewController.swift */ = {isa = PBXFileReference; lastKnownFileType = sourcecode.swift; path = JobsListViewController.swift; sourceTree = "<group>"; };
		1E6383952A0129630097E4DB /* JobsListCoordinator.swift */ = {isa = PBXFileReference; lastKnownFileType = sourcecode.swift; path = JobsListCoordinator.swift; sourceTree = "<group>"; };
		1E63839C2A012CC40097E4DB /* JobsListResponse.swift */ = {isa = PBXFileReference; lastKnownFileType = sourcecode.swift; path = JobsListResponse.swift; sourceTree = "<group>"; };
		1E63839E2A012CDD0097E4DB /* JobResponse.swift */ = {isa = PBXFileReference; lastKnownFileType = sourcecode.swift; path = JobResponse.swift; sourceTree = "<group>"; };
		1E6383A02A012CEB0097E4DB /* LinksResponse.swift */ = {isa = PBXFileReference; lastKnownFileType = sourcecode.swift; path = LinksResponse.swift; sourceTree = "<group>"; };
		1E6383A22A012CF50097E4DB /* MetaResponse.swift */ = {isa = PBXFileReference; lastKnownFileType = sourcecode.swift; path = MetaResponse.swift; sourceTree = "<group>"; };
		1E6383A42A012DE70097E4DB /* JobsType.swift */ = {isa = PBXFileReference; lastKnownFileType = sourcecode.swift; path = JobsType.swift; sourceTree = "<group>"; };
		1E6383A62A012E880097E4DB /* JobsProvider.swift */ = {isa = PBXFileReference; lastKnownFileType = sourcecode.swift; path = JobsProvider.swift; sourceTree = "<group>"; };
		1E6383A82A0133550097E4DB /* JobDTO.swift */ = {isa = PBXFileReference; lastKnownFileType = sourcecode.swift; path = JobDTO.swift; sourceTree = "<group>"; };
		1E6383AA2A01349D0097E4DB /* StorageService.swift */ = {isa = PBXFileReference; lastKnownFileType = sourcecode.swift; path = StorageService.swift; sourceTree = "<group>"; };
		1E6383AE2A01350B0097E4DB /* JobObject.swift */ = {isa = PBXFileReference; lastKnownFileType = sourcecode.swift; path = JobObject.swift; sourceTree = "<group>"; };
		1E6383B02A0144A50097E4DB /* JobsRepository.swift */ = {isa = PBXFileReference; lastKnownFileType = sourcecode.swift; path = JobsRepository.swift; sourceTree = "<group>"; };
		1E6383B22A02F8BA0097E4DB /* RealmResults+toArray.swift */ = {isa = PBXFileReference; lastKnownFileType = sourcecode.swift; path = "RealmResults+toArray.swift"; sourceTree = "<group>"; };
		1E6383B42A02FAD70097E4DB /* JobsFacade.swift */ = {isa = PBXFileReference; lastKnownFileType = sourcecode.swift; path = JobsFacade.swift; sourceTree = "<group>"; };
		1E6383B62A0304CE0097E4DB /* JobsDataSourceProvider.swift */ = {isa = PBXFileReference; lastKnownFileType = sourcecode.swift; path = JobsDataSourceProvider.swift; sourceTree = "<group>"; };
		1E6383B92A0306030097E4DB /* JobsListCellView.swift */ = {isa = PBXFileReference; lastKnownFileType = sourcecode.swift; path = JobsListCellView.swift; sourceTree = "<group>"; };
		1E6383BC2A0310180097E4DB /* JobDetailsViewModel.swift */ = {isa = PBXFileReference; lastKnownFileType = sourcecode.swift; path = JobDetailsViewModel.swift; sourceTree = "<group>"; };
		1E6383BE2A0310210097E4DB /* JobDetailsViewController.swift */ = {isa = PBXFileReference; lastKnownFileType = sourcecode.swift; path = JobDetailsViewController.swift; sourceTree = "<group>"; };
		1E6383C02A03102B0097E4DB /* JobDetailsCoordinator.swift */ = {isa = PBXFileReference; lastKnownFileType = sourcecode.swift; path = JobDetailsCoordinator.swift; sourceTree = "<group>"; };
		1E6383C22A0319770097E4DB /* FontProvider.swift */ = {isa = PBXFileReference; lastKnownFileType = sourcecode.swift; path = FontProvider.swift; sourceTree = "<group>"; };
		1E6383C62A0590DB0097E4DB /* String+htmlAttributed.swift */ = {isa = PBXFileReference; lastKnownFileType = sourcecode.swift; path = "String+htmlAttributed.swift"; sourceTree = "<group>"; };
		1E6383C82A0596FA0097E4DB /* DateFormatter+mediumTimeDateStyle.swift */ = {isa = PBXFileReference; lastKnownFileType = sourcecode.swift; path = "DateFormatter+mediumTimeDateStyle.swift"; sourceTree = "<group>"; };
		1E6383D12A081EBE0097E4DB /* JobsFacadeMock.swift */ = {isa = PBXFileReference; lastKnownFileType = sourcecode.swift; path = JobsFacadeMock.swift; sourceTree = "<group>"; };
		1E6383D32A081F140097E4DB /* JobsListViewModelTest.swift */ = {isa = PBXFileReference; lastKnownFileType = sourcecode.swift; path = JobsListViewModelTest.swift; sourceTree = "<group>"; };
		1E6383DA2A0824F00097E4DB /* FontProviderTest.swift */ = {isa = PBXFileReference; lastKnownFileType = sourcecode.swift; path = FontProviderTest.swift; sourceTree = "<group>"; };
		1E6383DC2A0828120097E4DB /* UIViewController+presentErrorAlert.swift */ = {isa = PBXFileReference; lastKnownFileType = sourcecode.swift; path = "UIViewController+presentErrorAlert.swift"; sourceTree = "<group>"; };
/* End PBXFileReference section */

/* Begin PBXFrameworksBuildPhase section */
		1E6383432A0125370097E4DB /* Frameworks */ = {
			isa = PBXFrameworksBuildPhase;
			buildActionMask = 2147483647;
			files = (
				1E63838B2A0127530097E4DB /* RealmSwift in Frameworks */,
				1E6383892A0127530097E4DB /* Realm in Frameworks */,
				1E6383862A0126EF0097E4DB /* Moya in Frameworks */,
			);
			runOnlyForDeploymentPostprocessing = 0;
		};
		1E6383592A0125390097E4DB /* Frameworks */ = {
			isa = PBXFrameworksBuildPhase;
			buildActionMask = 2147483647;
			files = (
				1E6383D92A0820810097E4DB /* RealmSwift in Frameworks */,
				1E6383D72A0820810097E4DB /* Realm in Frameworks */,
			);
			runOnlyForDeploymentPostprocessing = 0;
		};
		1E6383632A0125390097E4DB /* Frameworks */ = {
			isa = PBXFrameworksBuildPhase;
			buildActionMask = 2147483647;
			files = (
			);
			runOnlyForDeploymentPostprocessing = 0;
		};
/* End PBXFrameworksBuildPhase section */

/* Begin PBXGroup section */
		1E63833D2A0125370097E4DB = {
			isa = PBXGroup;
			children = (
				1E6383482A0125370097E4DB /* KLM Assignment */,
				1E63835F2A0125390097E4DB /* KLM AssignmentTests */,
				1E6383692A0125390097E4DB /* KLM AssignmentUITests */,
				1E6383472A0125370097E4DB /* Products */,
				1E6383D52A0820810097E4DB /* Frameworks */,
			);
			sourceTree = "<group>";
		};
		1E6383472A0125370097E4DB /* Products */ = {
			isa = PBXGroup;
			children = (
				1E6383462A0125370097E4DB /* KLM Assignment.app */,
				1E63835C2A0125390097E4DB /* KLM AssignmentTests.xctest */,
				1E6383662A0125390097E4DB /* KLM AssignmentUITests.xctest */,
			);
			name = Products;
			sourceTree = "<group>";
		};
		1E6383482A0125370097E4DB /* KLM Assignment */ = {
			isa = PBXGroup;
			children = (
				1E63837A2A0125820097E4DB /* Sources */,
				1E6383792A01257A0097E4DB /* Resources */,
			);
			path = "KLM Assignment";
			sourceTree = "<group>";
		};
		1E63835F2A0125390097E4DB /* KLM AssignmentTests */ = {
			isa = PBXGroup;
			children = (
				1E6383CF2A081E0C0097E4DB /* Mock */,
				1E6383D02A081E130097E4DB /* Test */,
			);
			path = "KLM AssignmentTests";
			sourceTree = "<group>";
		};
		1E6383692A0125390097E4DB /* KLM AssignmentUITests */ = {
			isa = PBXGroup;
			children = (
				1E63836A2A0125390097E4DB /* KLM_AssignmentUITests.swift */,
				1E63836C2A0125390097E4DB /* KLM_AssignmentUITestsLaunchTests.swift */,
			);
			path = "KLM AssignmentUITests";
			sourceTree = "<group>";
		};
		1E6383792A01257A0097E4DB /* Resources */ = {
			isa = PBXGroup;
			children = (
				1E6383522A0125380097E4DB /* Assets.xcassets */,
				1E6383542A0125380097E4DB /* LaunchScreen.storyboard */,
				1E6383572A0125380097E4DB /* Info.plist */,
			);
			path = Resources;
			sourceTree = "<group>";
		};
		1E63837A2A0125820097E4DB /* Sources */ = {
			isa = PBXGroup;
			children = (
				1E63837B2A0125890097E4DB /* App */,
				1E63837F2A0125E40097E4DB /* Extension */,
				1E63837D2A0125DC0097E4DB /* Model */,
				1E63837C2A0125D70097E4DB /* Module */,
				1E6383802A0125E80097E4DB /* Service */,
				1E63837E2A0125DF0097E4DB /* Util */,
			);
			path = Sources;
			sourceTree = "<group>";
		};
		1E63837B2A0125890097E4DB /* App */ = {
			isa = PBXGroup;
			children = (
				1E6383492A0125370097E4DB /* AppDelegate.swift */,
			);
			path = App;
			sourceTree = "<group>";
		};
		1E63837C2A0125D70097E4DB /* Module */ = {
			isa = PBXGroup;
			children = (
				1E6383BB2A030F150097E4DB /* Job Details */,
				1E63838C2A0127690097E4DB /* Jobs List */,
			);
			path = Module;
			sourceTree = "<group>";
		};
		1E63837D2A0125DC0097E4DB /* Model */ = {
			isa = PBXGroup;
			children = (
				1E6383A82A0133550097E4DB /* JobDTO.swift */,
			);
			path = Model;
			sourceTree = "<group>";
		};
		1E63837E2A0125DF0097E4DB /* Util */ = {
			isa = PBXGroup;
			children = (
				1E63838F2A0128900097E4DB /* MainCoordinator.swift */,
				1E6383C22A0319770097E4DB /* FontProvider.swift */,
			);
			path = Util;
			sourceTree = "<group>";
		};
		1E63837F2A0125E40097E4DB /* Extension */ = {
			isa = PBXGroup;
			children = (
				1E6383C82A0596FA0097E4DB /* DateFormatter+mediumTimeDateStyle.swift */,
				1E6383B22A02F8BA0097E4DB /* RealmResults+toArray.swift */,
				1E63838D2A0128550097E4DB /* ReuseIdentifiable.swift */,
				1E6383C62A0590DB0097E4DB /* String+htmlAttributed.swift */,
				1E6383DC2A0828120097E4DB /* UIViewController+presentErrorAlert.swift */,
			);
			path = Extension;
			sourceTree = "<group>";
		};
		1E6383802A0125E80097E4DB /* Service */ = {
			isa = PBXGroup;
			children = (
				1E6383832A0126720097E4DB /* Facade */,
				1E6383812A0126670097E4DB /* Netwoking */,
				1E6383822A01266C0097E4DB /* Storage */,
			);
			path = Service;
			sourceTree = "<group>";
		};
		1E6383812A0126670097E4DB /* Netwoking */ = {
			isa = PBXGroup;
			children = (
				1E6383982A012BE70097E4DB /* Provider */,
				1E6383972A012BE10097E4DB /* Response */,
				1E63839B2A012C810097E4DB /* Type */,
			);
			path = Netwoking;
			sourceTree = "<group>";
		};
		1E6383822A01266C0097E4DB /* Storage */ = {
			isa = PBXGroup;
			children = (
				1E6383AA2A01349D0097E4DB /* StorageService.swift */,
				1E6383AC2A0134B70097E4DB /* Object */,
				1E6383AD2A0134BC0097E4DB /* Repository */,
			);
			path = Storage;
			sourceTree = "<group>";
		};
		1E6383832A0126720097E4DB /* Facade */ = {
			isa = PBXGroup;
			children = (
				1E6383B42A02FAD70097E4DB /* JobsFacade.swift */,
			);
			path = Facade;
			sourceTree = "<group>";
		};
		1E63838C2A0127690097E4DB /* Jobs List */ = {
			isa = PBXGroup;
			children = (
				1E6383B62A0304CE0097E4DB /* JobsDataSourceProvider.swift */,
				1E6383952A0129630097E4DB /* JobsListCoordinator.swift */,
				1E6383932A0129450097E4DB /* JobsListViewController.swift */,
				1E6383912A01292B0097E4DB /* JobsListViewModel.swift */,
				1E6383B82A0305F50097E4DB /* Cell */,
			);
			path = "Jobs List";
			sourceTree = "<group>";
		};
		1E6383972A012BE10097E4DB /* Response */ = {
			isa = PBXGroup;
			children = (
				1E63839E2A012CDD0097E4DB /* JobResponse.swift */,
				1E63839C2A012CC40097E4DB /* JobsListResponse.swift */,
				1E6383A02A012CEB0097E4DB /* LinksResponse.swift */,
				1E6383A22A012CF50097E4DB /* MetaResponse.swift */,
			);
			path = Response;
			sourceTree = "<group>";
		};
		1E6383982A012BE70097E4DB /* Provider */ = {
			isa = PBXGroup;
			children = (
				1E6383A62A012E880097E4DB /* JobsProvider.swift */,
			);
			path = Provider;
			sourceTree = "<group>";
		};
		1E63839B2A012C810097E4DB /* Type */ = {
			isa = PBXGroup;
			children = (
				1E6383A42A012DE70097E4DB /* JobsType.swift */,
			);
			path = Type;
			sourceTree = "<group>";
		};
		1E6383AC2A0134B70097E4DB /* Object */ = {
			isa = PBXGroup;
			children = (
				1E6383AE2A01350B0097E4DB /* JobObject.swift */,
			);
			path = Object;
			sourceTree = "<group>";
		};
		1E6383AD2A0134BC0097E4DB /* Repository */ = {
			isa = PBXGroup;
			children = (
				1E6383B02A0144A50097E4DB /* JobsRepository.swift */,
			);
			path = Repository;
			sourceTree = "<group>";
		};
		1E6383B82A0305F50097E4DB /* Cell */ = {
			isa = PBXGroup;
			children = (
				1E6383B92A0306030097E4DB /* JobsListCellView.swift */,
			);
			path = Cell;
			sourceTree = "<group>";
		};
		1E6383BB2A030F150097E4DB /* Job Details */ = {
			isa = PBXGroup;
			children = (
				1E6383C02A03102B0097E4DB /* JobDetailsCoordinator.swift */,
				1E6383BE2A0310210097E4DB /* JobDetailsViewController.swift */,
				1E6383BC2A0310180097E4DB /* JobDetailsViewModel.swift */,
			);
			path = "Job Details";
			sourceTree = "<group>";
		};
		1E6383CF2A081E0C0097E4DB /* Mock */ = {
			isa = PBXGroup;
			children = (
				1E6383D12A081EBE0097E4DB /* JobsFacadeMock.swift */,
			);
			path = Mock;
			sourceTree = "<group>";
		};
		1E6383D02A081E130097E4DB /* Test */ = {
			isa = PBXGroup;
			children = (
				1E6383D32A081F140097E4DB /* JobsListViewModelTest.swift */,
				1E6383DA2A0824F00097E4DB /* FontProviderTest.swift */,
			);
			path = Test;
			sourceTree = "<group>";
		};
		1E6383D52A0820810097E4DB /* Frameworks */ = {
			isa = PBXGroup;
			children = (
			);
			name = Frameworks;
			sourceTree = "<group>";
		};
/* End PBXGroup section */

/* Begin PBXNativeTarget section */
		1E6383452A0125370097E4DB /* KLM Assignment */ = {
			isa = PBXNativeTarget;
			buildConfigurationList = 1E6383702A0125390097E4DB /* Build configuration list for PBXNativeTarget "KLM Assignment" */;
			buildPhases = (
				1E6383422A0125370097E4DB /* Sources */,
				1E6383432A0125370097E4DB /* Frameworks */,
				1E6383442A0125370097E4DB /* Resources */,
			);
			buildRules = (
			);
			dependencies = (
			);
			name = "KLM Assignment";
			packageProductDependencies = (
				1E6383852A0126EF0097E4DB /* Moya */,
				1E6383882A0127530097E4DB /* Realm */,
				1E63838A2A0127530097E4DB /* RealmSwift */,
			);
			productName = "KLM Assignment";
			productReference = 1E6383462A0125370097E4DB /* KLM Assignment.app */;
			productType = "com.apple.product-type.application";
		};
		1E63835B2A0125390097E4DB /* KLM AssignmentTests */ = {
			isa = PBXNativeTarget;
			buildConfigurationList = 1E6383732A0125390097E4DB /* Build configuration list for PBXNativeTarget "KLM AssignmentTests" */;
			buildPhases = (
				1E6383582A0125390097E4DB /* Sources */,
				1E6383592A0125390097E4DB /* Frameworks */,
				1E63835A2A0125390097E4DB /* Resources */,
			);
			buildRules = (
			);
			dependencies = (
				1E63835E2A0125390097E4DB /* PBXTargetDependency */,
			);
			name = "KLM AssignmentTests";
			packageProductDependencies = (
				1E6383D62A0820810097E4DB /* Realm */,
				1E6383D82A0820810097E4DB /* RealmSwift */,
			);
			productName = "KLM AssignmentTests";
			productReference = 1E63835C2A0125390097E4DB /* KLM AssignmentTests.xctest */;
			productType = "com.apple.product-type.bundle.unit-test";
		};
		1E6383652A0125390097E4DB /* KLM AssignmentUITests */ = {
			isa = PBXNativeTarget;
			buildConfigurationList = 1E6383762A0125390097E4DB /* Build configuration list for PBXNativeTarget "KLM AssignmentUITests" */;
			buildPhases = (
				1E6383622A0125390097E4DB /* Sources */,
				1E6383632A0125390097E4DB /* Frameworks */,
				1E6383642A0125390097E4DB /* Resources */,
			);
			buildRules = (
			);
			dependencies = (
				1E6383682A0125390097E4DB /* PBXTargetDependency */,
			);
			name = "KLM AssignmentUITests";
			productName = "KLM AssignmentUITests";
			productReference = 1E6383662A0125390097E4DB /* KLM AssignmentUITests.xctest */;
			productType = "com.apple.product-type.bundle.ui-testing";
		};
/* End PBXNativeTarget section */

/* Begin PBXProject section */
		1E63833E2A0125370097E4DB /* Project object */ = {
			isa = PBXProject;
			attributes = {
				BuildIndependentTargetsInParallel = 1;
				LastSwiftUpdateCheck = 1410;
				LastUpgradeCheck = 1410;
				TargetAttributes = {
					1E6383452A0125370097E4DB = {
						CreatedOnToolsVersion = 14.1;
					};
					1E63835B2A0125390097E4DB = {
						CreatedOnToolsVersion = 14.1;
						LastSwiftMigration = 1410;
						TestTargetID = 1E6383452A0125370097E4DB;
					};
					1E6383652A0125390097E4DB = {
						CreatedOnToolsVersion = 14.1;
						TestTargetID = 1E6383452A0125370097E4DB;
					};
				};
			};
			buildConfigurationList = 1E6383412A0125370097E4DB /* Build configuration list for PBXProject "KLM Assignment" */;
			compatibilityVersion = "Xcode 14.0";
			developmentRegion = en;
			hasScannedForEncodings = 0;
			knownRegions = (
				en,
				Base,
			);
			mainGroup = 1E63833D2A0125370097E4DB;
			packageReferences = (
				1E6383842A0126EF0097E4DB /* XCRemoteSwiftPackageReference "Moya" */,
				1E6383872A0127530097E4DB /* XCRemoteSwiftPackageReference "realm-swift" */,
			);
			productRefGroup = 1E6383472A0125370097E4DB /* Products */;
			projectDirPath = "";
			projectRoot = "";
			targets = (
				1E6383452A0125370097E4DB /* KLM Assignment */,
				1E63835B2A0125390097E4DB /* KLM AssignmentTests */,
				1E6383652A0125390097E4DB /* KLM AssignmentUITests */,
			);
		};
/* End PBXProject section */

/* Begin PBXResourcesBuildPhase section */
		1E6383442A0125370097E4DB /* Resources */ = {
			isa = PBXResourcesBuildPhase;
			buildActionMask = 2147483647;
			files = (
				1E6383562A0125380097E4DB /* LaunchScreen.storyboard in Resources */,
				1E6383532A0125380097E4DB /* Assets.xcassets in Resources */,
			);
			runOnlyForDeploymentPostprocessing = 0;
		};
		1E63835A2A0125390097E4DB /* Resources */ = {
			isa = PBXResourcesBuildPhase;
			buildActionMask = 2147483647;
			files = (
			);
			runOnlyForDeploymentPostprocessing = 0;
		};
		1E6383642A0125390097E4DB /* Resources */ = {
			isa = PBXResourcesBuildPhase;
			buildActionMask = 2147483647;
			files = (
			);
			runOnlyForDeploymentPostprocessing = 0;
		};
/* End PBXResourcesBuildPhase section */

/* Begin PBXSourcesBuildPhase section */
		1E6383422A0125370097E4DB /* Sources */ = {
			isa = PBXSourcesBuildPhase;
			buildActionMask = 2147483647;
			files = (
				1E6383922A01292B0097E4DB /* JobsListViewModel.swift in Sources */,
				1E63838E2A0128550097E4DB /* ReuseIdentifiable.swift in Sources */,
				1E6383BA2A0306030097E4DB /* JobsListCellView.swift in Sources */,
				1E6383942A0129450097E4DB /* JobsListViewController.swift in Sources */,
				1E6383B32A02F8BA0097E4DB /* RealmResults+toArray.swift in Sources */,
				1E6383902A0128900097E4DB /* MainCoordinator.swift in Sources */,
				1E6383962A0129630097E4DB /* JobsListCoordinator.swift in Sources */,
				1E6383C32A0319770097E4DB /* FontProvider.swift in Sources */,
				1E6383A72A012E880097E4DB /* JobsProvider.swift in Sources */,
				1E63839D2A012CC40097E4DB /* JobsListResponse.swift in Sources */,
				1E6383AF2A01350B0097E4DB /* JobObject.swift in Sources */,
				1E6383A92A0133550097E4DB /* JobDTO.swift in Sources */,
				1E6383C92A0596FA0097E4DB /* DateFormatter+mediumTimeDateStyle.swift in Sources */,
				1E63839F2A012CDD0097E4DB /* JobResponse.swift in Sources */,
				1E6383B72A0304CE0097E4DB /* JobsDataSourceProvider.swift in Sources */,
				1E63834A2A0125370097E4DB /* AppDelegate.swift in Sources */,
				1E6383A12A012CEB0097E4DB /* LinksResponse.swift in Sources */,
				1E6383A52A012DE70097E4DB /* JobsType.swift in Sources */,
				1E6383B12A0144A50097E4DB /* JobsRepository.swift in Sources */,
				1E6383DD2A0828120097E4DB /* UIViewController+presentErrorAlert.swift in Sources */,
				1E6383A32A012CF50097E4DB /* MetaResponse.swift in Sources */,
				1E6383C12A03102B0097E4DB /* JobDetailsCoordinator.swift in Sources */,
				1E6383AB2A01349D0097E4DB /* StorageService.swift in Sources */,
				1E6383C72A0590DB0097E4DB /* String+htmlAttributed.swift in Sources */,
				1E6383BF2A0310210097E4DB /* JobDetailsViewController.swift in Sources */,
				1E6383B52A02FAD70097E4DB /* JobsFacade.swift in Sources */,
				1E6383BD2A0310180097E4DB /* JobDetailsViewModel.swift in Sources */,
			);
			runOnlyForDeploymentPostprocessing = 0;
		};
		1E6383582A0125390097E4DB /* Sources */ = {
			isa = PBXSourcesBuildPhase;
			buildActionMask = 2147483647;
			files = (
				1E6383DB2A0824F00097E4DB /* FontProviderTest.swift in Sources */,
				1E6383D42A081F140097E4DB /* JobsListViewModelTest.swift in Sources */,
				1E6383D22A081EBE0097E4DB /* JobsFacadeMock.swift in Sources */,
			);
			runOnlyForDeploymentPostprocessing = 0;
		};
		1E6383622A0125390097E4DB /* Sources */ = {
			isa = PBXSourcesBuildPhase;
			buildActionMask = 2147483647;
			files = (
				1E63836D2A0125390097E4DB /* KLM_AssignmentUITestsLaunchTests.swift in Sources */,
				1E63836B2A0125390097E4DB /* KLM_AssignmentUITests.swift in Sources */,
			);
			runOnlyForDeploymentPostprocessing = 0;
		};
/* End PBXSourcesBuildPhase section */

/* Begin PBXTargetDependency section */
		1E63835E2A0125390097E4DB /* PBXTargetDependency */ = {
			isa = PBXTargetDependency;
			target = 1E6383452A0125370097E4DB /* KLM Assignment */;
			targetProxy = 1E63835D2A0125390097E4DB /* PBXContainerItemProxy */;
		};
		1E6383682A0125390097E4DB /* PBXTargetDependency */ = {
			isa = PBXTargetDependency;
			target = 1E6383452A0125370097E4DB /* KLM Assignment */;
			targetProxy = 1E6383672A0125390097E4DB /* PBXContainerItemProxy */;
		};
/* End PBXTargetDependency section */

/* Begin PBXVariantGroup section */
		1E6383542A0125380097E4DB /* LaunchScreen.storyboard */ = {
			isa = PBXVariantGroup;
			children = (
				1E6383552A0125380097E4DB /* Base */,
			);
			name = LaunchScreen.storyboard;
			sourceTree = "<group>";
		};
/* End PBXVariantGroup section */

/* Begin XCBuildConfiguration section */
		1E63836E2A0125390097E4DB /* Debug */ = {
			isa = XCBuildConfiguration;
			buildSettings = {
				ALWAYS_SEARCH_USER_PATHS = NO;
				CLANG_ANALYZER_NONNULL = YES;
				CLANG_ANALYZER_NUMBER_OBJECT_CONVERSION = YES_AGGRESSIVE;
				CLANG_CXX_LANGUAGE_STANDARD = "gnu++20";
				CLANG_ENABLE_MODULES = YES;
				CLANG_ENABLE_OBJC_ARC = YES;
				CLANG_ENABLE_OBJC_WEAK = YES;
				CLANG_WARN_BLOCK_CAPTURE_AUTORELEASING = YES;
				CLANG_WARN_BOOL_CONVERSION = YES;
				CLANG_WARN_COMMA = YES;
				CLANG_WARN_CONSTANT_CONVERSION = YES;
				CLANG_WARN_DEPRECATED_OBJC_IMPLEMENTATIONS = YES;
				CLANG_WARN_DIRECT_OBJC_ISA_USAGE = YES_ERROR;
				CLANG_WARN_DOCUMENTATION_COMMENTS = YES;
				CLANG_WARN_EMPTY_BODY = YES;
				CLANG_WARN_ENUM_CONVERSION = YES;
				CLANG_WARN_INFINITE_RECURSION = YES;
				CLANG_WARN_INT_CONVERSION = YES;
				CLANG_WARN_NON_LITERAL_NULL_CONVERSION = YES;
				CLANG_WARN_OBJC_IMPLICIT_RETAIN_SELF = YES;
				CLANG_WARN_OBJC_LITERAL_CONVERSION = YES;
				CLANG_WARN_OBJC_ROOT_CLASS = YES_ERROR;
				CLANG_WARN_QUOTED_INCLUDE_IN_FRAMEWORK_HEADER = YES;
				CLANG_WARN_RANGE_LOOP_ANALYSIS = YES;
				CLANG_WARN_STRICT_PROTOTYPES = YES;
				CLANG_WARN_SUSPICIOUS_MOVE = YES;
				CLANG_WARN_UNGUARDED_AVAILABILITY = YES_AGGRESSIVE;
				CLANG_WARN_UNREACHABLE_CODE = YES;
				CLANG_WARN__DUPLICATE_METHOD_MATCH = YES;
				COPY_PHASE_STRIP = NO;
				DEBUG_INFORMATION_FORMAT = dwarf;
				ENABLE_STRICT_OBJC_MSGSEND = YES;
				ENABLE_TESTABILITY = YES;
				GCC_C_LANGUAGE_STANDARD = gnu11;
				GCC_DYNAMIC_NO_PIC = NO;
				GCC_NO_COMMON_BLOCKS = YES;
				GCC_OPTIMIZATION_LEVEL = 0;
				GCC_PREPROCESSOR_DEFINITIONS = (
					"DEBUG=1",
					"$(inherited)",
				);
				GCC_WARN_64_TO_32_BIT_CONVERSION = YES;
				GCC_WARN_ABOUT_RETURN_TYPE = YES_ERROR;
				GCC_WARN_UNDECLARED_SELECTOR = YES;
				GCC_WARN_UNINITIALIZED_AUTOS = YES_AGGRESSIVE;
				GCC_WARN_UNUSED_FUNCTION = YES;
				GCC_WARN_UNUSED_VARIABLE = YES;
				IPHONEOS_DEPLOYMENT_TARGET = 15.0;
				MTL_ENABLE_DEBUG_INFO = INCLUDE_SOURCE;
				MTL_FAST_MATH = YES;
				ONLY_ACTIVE_ARCH = YES;
				SDKROOT = iphoneos;
				SWIFT_ACTIVE_COMPILATION_CONDITIONS = DEBUG;
				SWIFT_OPTIMIZATION_LEVEL = "-Onone";
			};
			name = Debug;
		};
		1E63836F2A0125390097E4DB /* Release */ = {
			isa = XCBuildConfiguration;
			buildSettings = {
				ALWAYS_SEARCH_USER_PATHS = NO;
				CLANG_ANALYZER_NONNULL = YES;
				CLANG_ANALYZER_NUMBER_OBJECT_CONVERSION = YES_AGGRESSIVE;
				CLANG_CXX_LANGUAGE_STANDARD = "gnu++20";
				CLANG_ENABLE_MODULES = YES;
				CLANG_ENABLE_OBJC_ARC = YES;
				CLANG_ENABLE_OBJC_WEAK = YES;
				CLANG_WARN_BLOCK_CAPTURE_AUTORELEASING = YES;
				CLANG_WARN_BOOL_CONVERSION = YES;
				CLANG_WARN_COMMA = YES;
				CLANG_WARN_CONSTANT_CONVERSION = YES;
				CLANG_WARN_DEPRECATED_OBJC_IMPLEMENTATIONS = YES;
				CLANG_WARN_DIRECT_OBJC_ISA_USAGE = YES_ERROR;
				CLANG_WARN_DOCUMENTATION_COMMENTS = YES;
				CLANG_WARN_EMPTY_BODY = YES;
				CLANG_WARN_ENUM_CONVERSION = YES;
				CLANG_WARN_INFINITE_RECURSION = YES;
				CLANG_WARN_INT_CONVERSION = YES;
				CLANG_WARN_NON_LITERAL_NULL_CONVERSION = YES;
				CLANG_WARN_OBJC_IMPLICIT_RETAIN_SELF = YES;
				CLANG_WARN_OBJC_LITERAL_CONVERSION = YES;
				CLANG_WARN_OBJC_ROOT_CLASS = YES_ERROR;
				CLANG_WARN_QUOTED_INCLUDE_IN_FRAMEWORK_HEADER = YES;
				CLANG_WARN_RANGE_LOOP_ANALYSIS = YES;
				CLANG_WARN_STRICT_PROTOTYPES = YES;
				CLANG_WARN_SUSPICIOUS_MOVE = YES;
				CLANG_WARN_UNGUARDED_AVAILABILITY = YES_AGGRESSIVE;
				CLANG_WARN_UNREACHABLE_CODE = YES;
				CLANG_WARN__DUPLICATE_METHOD_MATCH = YES;
				COPY_PHASE_STRIP = NO;
				DEBUG_INFORMATION_FORMAT = "dwarf-with-dsym";
				ENABLE_NS_ASSERTIONS = NO;
				ENABLE_STRICT_OBJC_MSGSEND = YES;
				GCC_C_LANGUAGE_STANDARD = gnu11;
				GCC_NO_COMMON_BLOCKS = YES;
				GCC_WARN_64_TO_32_BIT_CONVERSION = YES;
				GCC_WARN_ABOUT_RETURN_TYPE = YES_ERROR;
				GCC_WARN_UNDECLARED_SELECTOR = YES;
				GCC_WARN_UNINITIALIZED_AUTOS = YES_AGGRESSIVE;
				GCC_WARN_UNUSED_FUNCTION = YES;
				GCC_WARN_UNUSED_VARIABLE = YES;
				IPHONEOS_DEPLOYMENT_TARGET = 15.0;
				MTL_ENABLE_DEBUG_INFO = NO;
				MTL_FAST_MATH = YES;
				SDKROOT = iphoneos;
				SWIFT_COMPILATION_MODE = wholemodule;
				SWIFT_OPTIMIZATION_LEVEL = "-O";
				VALIDATE_PRODUCT = YES;
			};
			name = Release;
		};
		1E6383712A0125390097E4DB /* Debug */ = {
			isa = XCBuildConfiguration;
			buildSettings = {
				ASSETCATALOG_COMPILER_APPICON_NAME = AppIcon;
				ASSETCATALOG_COMPILER_GLOBAL_ACCENT_COLOR_NAME = AccentColor;
				CODE_SIGN_STYLE = Automatic;
				CURRENT_PROJECT_VERSION = 1;
				DEVELOPMENT_TEAM = QF45TRFY3M;
				GENERATE_INFOPLIST_FILE = YES;
				INFOPLIST_FILE = "KLM Assignment/Resources/Info.plist";
				INFOPLIST_KEY_UIApplicationSupportsIndirectInputEvents = YES;
				INFOPLIST_KEY_UILaunchStoryboardName = LaunchScreen;
				INFOPLIST_KEY_UIMainStoryboardFile = LaunchScreen;
				INFOPLIST_KEY_UISupportedInterfaceOrientations_iPad = "UIInterfaceOrientationPortrait UIInterfaceOrientationPortraitUpsideDown UIInterfaceOrientationLandscapeLeft UIInterfaceOrientationLandscapeRight";
				INFOPLIST_KEY_UISupportedInterfaceOrientations_iPhone = "UIInterfaceOrientationPortrait UIInterfaceOrientationLandscapeLeft UIInterfaceOrientationLandscapeRight";
				LD_RUNPATH_SEARCH_PATHS = (
					"$(inherited)",
					"@executable_path/Frameworks",
				);
				MARKETING_VERSION = 1.0;
				PRODUCT_BUNDLE_IDENTIFIER = "eurbanovskiy.KLM-Assignment";
				PRODUCT_NAME = "$(TARGET_NAME)";
				SWIFT_EMIT_LOC_STRINGS = YES;
				SWIFT_VERSION = 5.0;
				TARGETED_DEVICE_FAMILY = "1,2";
			};
			name = Debug;
		};
		1E6383722A0125390097E4DB /* Release */ = {
			isa = XCBuildConfiguration;
			buildSettings = {
				ASSETCATALOG_COMPILER_APPICON_NAME = AppIcon;
				ASSETCATALOG_COMPILER_GLOBAL_ACCENT_COLOR_NAME = AccentColor;
				CODE_SIGN_STYLE = Automatic;
				CURRENT_PROJECT_VERSION = 1;
				DEVELOPMENT_TEAM = QF45TRFY3M;
				GENERATE_INFOPLIST_FILE = YES;
				INFOPLIST_FILE = "KLM Assignment/Resources/Info.plist";
				INFOPLIST_KEY_UIApplicationSupportsIndirectInputEvents = YES;
				INFOPLIST_KEY_UILaunchStoryboardName = LaunchScreen;
				INFOPLIST_KEY_UIMainStoryboardFile = LaunchScreen;
				INFOPLIST_KEY_UISupportedInterfaceOrientations_iPad = "UIInterfaceOrientationPortrait UIInterfaceOrientationPortraitUpsideDown UIInterfaceOrientationLandscapeLeft UIInterfaceOrientationLandscapeRight";
				INFOPLIST_KEY_UISupportedInterfaceOrientations_iPhone = "UIInterfaceOrientationPortrait UIInterfaceOrientationLandscapeLeft UIInterfaceOrientationLandscapeRight";
				LD_RUNPATH_SEARCH_PATHS = (
					"$(inherited)",
					"@executable_path/Frameworks",
				);
				MARKETING_VERSION = 1.0;
				PRODUCT_BUNDLE_IDENTIFIER = "eurbanovskiy.KLM-Assignment";
				PRODUCT_NAME = "$(TARGET_NAME)";
				SWIFT_EMIT_LOC_STRINGS = YES;
				SWIFT_VERSION = 5.0;
				TARGETED_DEVICE_FAMILY = "1,2";
			};
			name = Release;
		};
		1E6383742A0125390097E4DB /* Debug */ = {
			isa = XCBuildConfiguration;
			buildSettings = {
				ALWAYS_EMBED_SWIFT_STANDARD_LIBRARIES = YES;
				BUNDLE_LOADER = "$(TEST_HOST)";
				CLANG_ENABLE_MODULES = YES;
				CODE_SIGN_STYLE = Automatic;
				CURRENT_PROJECT_VERSION = 1;
				DEVELOPMENT_TEAM = QF45TRFY3M;
				GENERATE_INFOPLIST_FILE = YES;
				IPHONEOS_DEPLOYMENT_TARGET = 15.0;
				LD_RUNPATH_SEARCH_PATHS = (
					"$(inherited)",
					"@executable_path/Frameworks",
					"@loader_path/Frameworks",
				);
				MARKETING_VERSION = 1.0;
				PRODUCT_BUNDLE_IDENTIFIER = "eurbanovskiy.KLM-AssignmentTests";
				PRODUCT_NAME = "$(TARGET_NAME)";
				SWIFT_EMIT_LOC_STRINGS = NO;
				SWIFT_OPTIMIZATION_LEVEL = "-Onone";
				SWIFT_VERSION = 5.0;
				TARGETED_DEVICE_FAMILY = "1,2";
				TEST_HOST = "$(BUILT_PRODUCTS_DIR)/KLM Assignment.app/$(BUNDLE_EXECUTABLE_FOLDER_PATH)/KLM Assignment";
			};
			name = Debug;
		};
		1E6383752A0125390097E4DB /* Release */ = {
			isa = XCBuildConfiguration;
			buildSettings = {
				ALWAYS_EMBED_SWIFT_STANDARD_LIBRARIES = YES;
				BUNDLE_LOADER = "$(TEST_HOST)";
				CLANG_ENABLE_MODULES = YES;
				CODE_SIGN_STYLE = Automatic;
				CURRENT_PROJECT_VERSION = 1;
				DEVELOPMENT_TEAM = QF45TRFY3M;
				GENERATE_INFOPLIST_FILE = YES;
				IPHONEOS_DEPLOYMENT_TARGET = 15.0;
				LD_RUNPATH_SEARCH_PATHS = (
					"$(inherited)",
					"@executable_path/Frameworks",
					"@loader_path/Frameworks",
				);
				MARKETING_VERSION = 1.0;
				PRODUCT_BUNDLE_IDENTIFIER = "eurbanovskiy.KLM-AssignmentTests";
				PRODUCT_NAME = "$(TARGET_NAME)";
				SWIFT_EMIT_LOC_STRINGS = NO;
				SWIFT_VERSION = 5.0;
				TARGETED_DEVICE_FAMILY = "1,2";
				TEST_HOST = "$(BUILT_PRODUCTS_DIR)/KLM Assignment.app/$(BUNDLE_EXECUTABLE_FOLDER_PATH)/KLM Assignment";
			};
			name = Release;
		};
		1E6383772A0125390097E4DB /* Debug */ = {
			isa = XCBuildConfiguration;
			buildSettings = {
				ALWAYS_EMBED_SWIFT_STANDARD_LIBRARIES = YES;
				CODE_SIGN_STYLE = Automatic;
				CURRENT_PROJECT_VERSION = 1;
				DEVELOPMENT_TEAM = QF45TRFY3M;
				GENERATE_INFOPLIST_FILE = YES;
				MARKETING_VERSION = 1.0;
				PRODUCT_BUNDLE_IDENTIFIER = "eurbanovskiy.KLM-AssignmentUITests";
				PRODUCT_NAME = "$(TARGET_NAME)";
				SWIFT_EMIT_LOC_STRINGS = NO;
				SWIFT_VERSION = 5.0;
				TARGETED_DEVICE_FAMILY = "1,2";
				TEST_TARGET_NAME = "KLM Assignment";
			};
			name = Debug;
		};
		1E6383782A0125390097E4DB /* Release */ = {
			isa = XCBuildConfiguration;
			buildSettings = {
				ALWAYS_EMBED_SWIFT_STANDARD_LIBRARIES = YES;
				CODE_SIGN_STYLE = Automatic;
				CURRENT_PROJECT_VERSION = 1;
				DEVELOPMENT_TEAM = QF45TRFY3M;
				GENERATE_INFOPLIST_FILE = YES;
				MARKETING_VERSION = 1.0;
				PRODUCT_BUNDLE_IDENTIFIER = "eurbanovskiy.KLM-AssignmentUITests";
				PRODUCT_NAME = "$(TARGET_NAME)";
				SWIFT_EMIT_LOC_STRINGS = NO;
				SWIFT_VERSION = 5.0;
				TARGETED_DEVICE_FAMILY = "1,2";
				TEST_TARGET_NAME = "KLM Assignment";
			};
			name = Release;
		};
/* End XCBuildConfiguration section */

/* Begin XCConfigurationList section */
		1E6383412A0125370097E4DB /* Build configuration list for PBXProject "KLM Assignment" */ = {
			isa = XCConfigurationList;
			buildConfigurations = (
				1E63836E2A0125390097E4DB /* Debug */,
				1E63836F2A0125390097E4DB /* Release */,
			);
			defaultConfigurationIsVisible = 0;
			defaultConfigurationName = Release;
		};
		1E6383702A0125390097E4DB /* Build configuration list for PBXNativeTarget "KLM Assignment" */ = {
			isa = XCConfigurationList;
			buildConfigurations = (
				1E6383712A0125390097E4DB /* Debug */,
				1E6383722A0125390097E4DB /* Release */,
			);
			defaultConfigurationIsVisible = 0;
			defaultConfigurationName = Release;
		};
		1E6383732A0125390097E4DB /* Build configuration list for PBXNativeTarget "KLM AssignmentTests" */ = {
			isa = XCConfigurationList;
			buildConfigurations = (
				1E6383742A0125390097E4DB /* Debug */,
				1E6383752A0125390097E4DB /* Release */,
			);
			defaultConfigurationIsVisible = 0;
			defaultConfigurationName = Release;
		};
		1E6383762A0125390097E4DB /* Build configuration list for PBXNativeTarget "KLM AssignmentUITests" */ = {
			isa = XCConfigurationList;
			buildConfigurations = (
				1E6383772A0125390097E4DB /* Debug */,
				1E6383782A0125390097E4DB /* Release */,
			);
			defaultConfigurationIsVisible = 0;
			defaultConfigurationName = Release;
		};
/* End XCConfigurationList section */

/* Begin XCRemoteSwiftPackageReference section */
		1E6383842A0126EF0097E4DB /* XCRemoteSwiftPackageReference "Moya" */ = {
			isa = XCRemoteSwiftPackageReference;
			repositoryURL = "https://github.com/Moya/Moya.git";
			requirement = {
				kind = upToNextMajorVersion;
				minimumVersion = 15.0.0;
			};
		};
		1E6383872A0127530097E4DB /* XCRemoteSwiftPackageReference "realm-swift" */ = {
			isa = XCRemoteSwiftPackageReference;
			repositoryURL = "https://github.com/realm/realm-swift.git";
			requirement = {
				kind = upToNextMajorVersion;
				minimumVersion = 10.38.3;
			};
		};
/* End XCRemoteSwiftPackageReference section */

/* Begin XCSwiftPackageProductDependency section */
		1E6383852A0126EF0097E4DB /* Moya */ = {
			isa = XCSwiftPackageProductDependency;
			package = 1E6383842A0126EF0097E4DB /* XCRemoteSwiftPackageReference "Moya" */;
			productName = Moya;
		};
		1E6383882A0127530097E4DB /* Realm */ = {
			isa = XCSwiftPackageProductDependency;
			package = 1E6383872A0127530097E4DB /* XCRemoteSwiftPackageReference "realm-swift" */;
			productName = Realm;
		};
		1E63838A2A0127530097E4DB /* RealmSwift */ = {
			isa = XCSwiftPackageProductDependency;
			package = 1E6383872A0127530097E4DB /* XCRemoteSwiftPackageReference "realm-swift" */;
			productName = RealmSwift;
		};
		1E6383D62A0820810097E4DB /* Realm */ = {
			isa = XCSwiftPackageProductDependency;
			package = 1E6383872A0127530097E4DB /* XCRemoteSwiftPackageReference "realm-swift" */;
			productName = Realm;
		};
		1E6383D82A0820810097E4DB /* RealmSwift */ = {
			isa = XCSwiftPackageProductDependency;
			package = 1E6383872A0127530097E4DB /* XCRemoteSwiftPackageReference "realm-swift" */;
			productName = RealmSwift;
		};
/* End XCSwiftPackageProductDependency section */
	};
	rootObject = 1E63833E2A0125370097E4DB /* Project object */;
}
